
Microsoft Visual Studio Solution File, Format Version 12.00
# Visual Studio Version 17
VisualStudioVersion = 17.10.34928.147
MinimumVisualStudioVersion = 10.0.40219.1
Project("{FAE04EC0-301F-11D3-BF4B-00C04F79EFBC}") = "AsyncWorkflow", "AsyncWorkflow\AsyncWorkflow.csproj", "{E35005E6-1811-4E56-AE6D-629DE5E9EDBB}"
EndProject
Global
	GlobalSection(SolutionConfigurationPlatforms) = preSolution
		Debug|Any CPU = Debug|Any CPU
		Release|Any CPU = Release|Any CPU
	EndGlobalSection
	GlobalSection(ProjectConfigurationPlatforms) = postSolution
		{E35005E6-1811-4E56-AE6D-629DE5E9EDBB}.Debug|Any CPU.ActiveCfg = Debug|Any CPU
		{E35005E6-1811-4E56-AE6D-629DE5E9EDBB}.Debug|Any CPU.Build.0 = Debug|Any CPU
		{E35005E6-1811-4E56-AE6D-629DE5E9EDBB}.Release|Any CPU.ActiveCfg = Release|Any CPU
		{E35005E6-1811-4E56-AE6D-629DE5E9EDBB}.Release|Any CPU.Build.0 = Release|Any CPU
	EndGlobalSection
	GlobalSection(SolutionProperties) = preSolution
		HideSolutionNode = FALSE
	EndGlobalSection
	GlobalSection(ExtensibilityGlobals) = postSolution
		SolutionGuid = {6B77640C-C9ED-4D04-AF3B-30FC8AEB5365}
	EndGlobalSection
EndGlobal
